
Microsoft Visual Studio Solution File, Format Version 12.00
# Visual Studio 15
VisualStudioVersion = 15.0.27428.2015
MinimumVisualStudioVersion = 10.0.40219.1
Project("{FAE04EC0-301F-11D3-BF4B-00C04F79EFBC}") = "io.dbf", "io.dbf\io.dbf.csproj", "{ABB004BD-AA4D-4F68-9F23-CC3AE555713B}"
EndProject
Global
	GlobalSection(SolutionConfigurationPlatforms) = preSolution
		Debug|Any CPU = Debug|Any CPU
		Release|Any CPU = Release|Any CPU
	EndGlobalSection
	GlobalSection(ProjectConfigurationPlatforms) = postSolution
		{ABB004BD-AA4D-4F68-9F23-CC3AE555713B}.Debug|Any CPU.ActiveCfg = Debug|Any CPU
		{ABB004BD-AA4D-4F68-9F23-CC3AE555713B}.Debug|Any CPU.Build.0 = Debug|Any CPU
		{ABB004BD-AA4D-4F68-9F23-CC3AE555713B}.Release|Any CPU.ActiveCfg = Release|Any CPU
		{ABB004BD-AA4D-4F68-9F23-CC3AE555713B}.Release|Any CPU.Build.0 = Release|Any CPU
	EndGlobalSection
	GlobalSection(SolutionProperties) = preSolution
		HideSolutionNode = FALSE
	EndGlobalSection
	GlobalSection(ExtensibilityGlobals) = postSolution
		SolutionGuid = {6DFCD4F3-B901-4D46-9DF1-590BC7AF58A7}
	EndGlobalSection
EndGlobal
